
Microsoft Visual Studio Solution File, Format Version 12.00
# Visual Studio Version 16
VisualStudioVersion = 16.0.31019.35
MinimumVisualStudioVersion = 10.0.40219.1
Project("{FAE04EC0-301F-11D3-BF4B-00C04F79EFBC}") = "BasicAuthentication", "BasicAuthentication\BasicAuthentication.csproj", "{3BDACED4-1DC4-4B54-BB77-B288A2ED1644}"
EndProject
Global
	GlobalSection(SolutionConfigurationPlatforms) = preSolution
		Debug|Any CPU = Debug|Any CPU
		Release|Any CPU = Release|Any CPU
	EndGlobalSection
	GlobalSection(ProjectConfigurationPlatforms) = postSolution
		{3BDACED4-1DC4-4B54-BB77-B288A2ED1644}.Debug|Any CPU.ActiveCfg = Debug|Any CPU
		{3BDACED4-1DC4-4B54-BB77-B288A2ED1644}.Debug|Any CPU.Build.0 = Debug|Any CPU
		{3BDACED4-1DC4-4B54-BB77-B288A2ED1644}.Release|Any CPU.ActiveCfg = Release|Any CPU
		{3BDACED4-1DC4-4B54-BB77-B288A2ED1644}.Release|Any CPU.Build.0 = Release|Any CPU
	EndGlobalSection
	GlobalSection(SolutionProperties) = preSolution
		HideSolutionNode = FALSE
	EndGlobalSection
	GlobalSection(ExtensibilityGlobals) = postSolution
		SolutionGuid = {DF259D51-A2AD-4295-8FFB-756F61288AAA}
	EndGlobalSection
EndGlobal
